{
  "name": "easytouch",
  "version": "1.0.0",
  "lockfileVersion": 3,
  "requires": true,
  "packages": {
    "": {
      "name": "easytouch",
      "version": "1.0.0",
      "hasInstallScript": true,
      "license": "MIT",
      "bin": {
        "easytouch": "cli/et",
        "et": "cli/et"
      },
      "optionalDependencies": {
        "easytouch-linux": "^1.0.0",
        "easytouch-macos": "^1.0.0",
        "easytouch-windows": "^1.0.0"
      }
    }
  }
}
